Microsoft Visual Studio Solution File, Format Version 12.00
# Visual Studio Version 17
VisualStudioVersion = 17.0.31903.59
MinimumVisualStudioVersion = 10.0.40219.1
Project("{2150E333-8FDC-42A3-9474-1A3956D46DE8}") = "src", "src", "{6FB4DE2C-703A-4709-A476-86D244DC1E63}"
EndProject
Project("{FAE04EC0-301F-11D3-BF4B-00C04F79EFBC}") = "Chirp.Core", "src\Chirp.Core\Chirp.Core.csproj", "{0F3A5A96-76C8-4B25-BFC0-443ADA3209B6}"
EndProject
Project("{FAE04EC0-301F-11D3-BF4B-00C04F79EFBC}") = "Chirp.Infrastructure", "src\Chirp.Infrastructure\Chirp.Infrastructure.csproj", "{F20BBAA5-4E73-4EBD-8704-173AE55186B0}"
EndProject
Project("{FAE04EC0-301F-11D3-BF4B-00C04F79EFBC}") = "Chirp.Web", "src\Chirp.Web\Chirp.Web.csproj", "{9D50918B-EF06-4D86-872C-EC87BFF8BF9D}"
EndProject
Project("{2150E333-8FDC-42A3-9474-1A3956D46DE8}") = "tests", "tests", "{B596696C-1929-492D-A206-9EF02C571174}"
EndProject
Project("{FAE04EC0-301F-11D3-BF4B-00C04F79EFBC}") = "ApiTests", "tests\ApiTests\ApiTests.csproj", "{7BEA60A9-A1D6-4A2A-9A05-16585087D267}"
EndProject
Project("{FAE04EC0-301F-11D3-BF4B-00C04F79EFBC}") = "Testing.tests", "tests\CoreTests\Testing.tests.csproj", "{4B5F27E1-CD0D-4856-A1A2-30524E482AA1}"
EndProject
Global
	GlobalSection(SolutionConfigurationPlatforms) = preSolution
		Debug|Any CPU = Debug|Any CPU
		Release|Any CPU = Release|Any CPU
	EndGlobalSection
	GlobalSection(SolutionProperties) = preSolution
		HideSolutionNode = FALSE
	EndGlobalSection
	GlobalSection(ProjectConfigurationPlatforms) = postSolution
		{0F3A5A96-76C8-4B25-BFC0-443ADA3209B6}.Debug|Any CPU.ActiveCfg = Debug|Any CPU
		{0F3A5A96-76C8-4B25-BFC0-443ADA3209B6}.Debug|Any CPU.Build.0 = Debug|Any CPU
		{0F3A5A96-76C8-4B25-BFC0-443ADA3209B6}.Release|Any CPU.ActiveCfg = Release|Any CPU
		{0F3A5A96-76C8-4B25-BFC0-443ADA3209B6}.Release|Any CPU.Build.0 = Release|Any CPU
		{F20BBAA5-4E73-4EBD-8704-173AE55186B0}.Debug|Any CPU.ActiveCfg = Debug|Any CPU
		{F20BBAA5-4E73-4EBD-8704-173AE55186B0}.Debug|Any CPU.Build.0 = Debug|Any CPU
		{F20BBAA5-4E73-4EBD-8704-173AE55186B0}.Release|Any CPU.ActiveCfg = Release|Any CPU
		{F20BBAA5-4E73-4EBD-8704-173AE55186B0}.Release|Any CPU.Build.0 = Release|Any CPU
		{9D50918B-EF06-4D86-872C-EC87BFF8BF9D}.Debug|Any CPU.ActiveCfg = Debug|Any CPU
		{9D50918B-EF06-4D86-872C-EC87BFF8BF9D}.Debug|Any CPU.Build.0 = Debug|Any CPU
		{9D50918B-EF06-4D86-872C-EC87BFF8BF9D}.Release|Any CPU.ActiveCfg = Release|Any CPU
		{9D50918B-EF06-4D86-872C-EC87BFF8BF9D}.Release|Any CPU.Build.0 = Release|Any CPU
		{7BEA60A9-A1D6-4A2A-9A05-16585087D267}.Debug|Any CPU.ActiveCfg = Debug|Any CPU
		{7BEA60A9-A1D6-4A2A-9A05-16585087D267}.Debug|Any CPU.Build.0 = Debug|Any CPU
		{7BEA60A9-A1D6-4A2A-9A05-16585087D267}.Release|Any CPU.ActiveCfg = Release|Any CPU
		{7BEA60A9-A1D6-4A2A-9A05-16585087D267}.Release|Any CPU.Build.0 = Release|Any CPU
		{4B5F27E1-CD0D-4856-A1A2-30524E482AA1}.Debug|Any CPU.ActiveCfg = Debug|Any CPU
		{4B5F27E1-CD0D-4856-A1A2-30524E482AA1}.Debug|Any CPU.Build.0 = Debug|Any CPU
		{4B5F27E1-CD0D-4856-A1A2-30524E482AA1}.Release|Any CPU.ActiveCfg = Release|Any CPU
		{4B5F27E1-CD0D-4856-A1A2-30524E482AA1}.Release|Any CPU.Build.0 = Release|Any CPU
	EndGlobalSection
	GlobalSection(NestedProjects) = preSolution
		{0F3A5A96-76C8-4B25-BFC0-443ADA3209B6} = {6FB4DE2C-703A-4709-A476-86D244DC1E63}
		{F20BBAA5-4E73-4EBD-8704-173AE55186B0} = {6FB4DE2C-703A-4709-A476-86D244DC1E63}
		{9D50918B-EF06-4D86-872C-EC87BFF8BF9D} = {6FB4DE2C-703A-4709-A476-86D244DC1E63}
		{7BEA60A9-A1D6-4A2A-9A05-16585087D267} = {B596696C-1929-492D-A206-9EF02C571174}
		{4B5F27E1-CD0D-4856-A1A2-30524E482AA1} = {B596696C-1929-492D-A206-9EF02C571174}
	EndGlobalSection
EndGlobal
